# This file is generated by running "yarn install" inside your project.
# Manual changes might be lost - proceed with caution!

__metadata:
  version: 8
  cacheKey: 10c0

"a@workspace:packages/a":
  version: 0.0.0-use.local
  resolution: "a@workspace:packages/a"
  dependencies:
    has: "npm:^1.0.4"
    side-channel: "npm:^1.1.0"
  languageName: unknown
  linkType: soft

"array-buffer-byte-length@npm:^1.0.1, array-buffer-byte-length@npm:^1.0.2":
  version: 1.0.2
  resolution: "array-buffer-byte-length@npm:1.0.2"
  dependencies:
    call-bound: "npm:^1.0.3"
    is-array-buffer: "npm:^3.0.5"
  checksum: 10c0/74e1d2d996941c7a1badda9cabb7caab8c449db9086407cad8a1b71d2604cc8abf105db8ca4e02c04579ec58b7be40279ddb09aea4784832984485499f48432d
  languageName: node
  linkType: hard

"array-includes@npm:^3.1.8":
  version: 3.2.0
  resolution: "array-includes@npm:3.2.0"
  dependencies:
    call-bind: "npm:^1.0.9"
    call-bound: "npm:^1.0.4"
    define-properties: "npm:^1.2.1"
    es-abstract: "npm:^1.24.2"
    es-object-atoms: "npm:^1.1.2"
    es-shim-unscopables: "npm:^1.1.0"
    is-string: "npm:^1.1.1"
    math-intrinsics: "npm:^1.1.0"
  checksum: 10c0/0a19b5152dfd53abfa45dd95f7f4911102c509add728581c1b3d5f5864fdcdc671aa9079b26581cb13c033081f989350777856965051eb0dca7f11e1951df74f
  languageName: node
  linkType: hard

"arraybuffer.prototype.slice@npm:^1.0.4":
  version: 1.0.4
  resolution: "arraybuffer.prototype.slice@npm:1.0.4"
  dependencies:
    array-buffer-byte-length: "npm:^1.0.1"
    call-bind: "npm:^1.0.8"
    define-properties: "npm:^1.2.1"
    es-abstract: "npm:^1.23.5"
    es-errors: "npm:^1.3.0"
    get-intrinsic: "npm:^1.2.6"
    is-array-buffer: "npm:^3.0.4"
  checksum: 10c0/2f2459caa06ae0f7f615003f9104b01f6435cc803e11bd2a655107d52a1781dc040532dc44d93026b694cc18793993246237423e13a5337e86b43ed604932c06
  languageName: node
  linkType: hard

"async-function@npm:^1.0.0":
  version: 1.0.0
  resolution: "async-function@npm:1.0.0"
  checksum: 10c0/669a32c2cb7e45091330c680e92eaeb791bc1d4132d827591e499cd1f776ff5a873e77e5f92d0ce795a8d60f10761dec9ddfe7225a5de680f5d357f67b1aac73
  languageName: node
  linkType: hard

"async-generator-function@npm:^1.0.0":
  version: 1.0.0
  resolution: "async-generator-function@npm:1.0.0"
  checksum: 10c0/2c50ef856c543ad500d8d8777d347e3c1ba623b93e99c9263ecc5f965c1b12d2a140e2ab6e43c3d0b85366110696f28114649411cbcd10b452a92a2318394186
  languageName: node
  linkType: hard

"available-typed-arrays@npm:^1.0.7":
  version: 1.0.7
  resolution: "available-typed-arrays@npm:1.0.7"
  dependencies:
    possible-typed-array-names: "npm:^1.0.0"
  checksum: 10c0/d07226ef4f87daa01bd0fe80f8f310982e345f372926da2e5296aecc25c41cab440916bbaa4c5e1034b453af3392f67df5961124e4b586df1e99793a1374bdb2
  languageName: node
  linkType: hard

"call-bind-apply-helpers@npm:^1.0.1, call-bind-apply-helpers@npm:^1.0.2":
  version: 1.0.2
  resolution: "call-bind-apply-helpers@npm:1.0.2"
  dependencies:
    es-errors: "npm:^1.3.0"
    function-bind: "npm:^1.1.2"
  checksum: 10c0/47bd9901d57b857590431243fea704ff18078b16890a6b3e021e12d279bbf211d039155e27d7566b374d49ee1f8189344bac9833dec7a20cdec370506361c938
  languageName: node
  linkType: hard

"call-bind@npm:^1.0.7, call-bind@npm:^1.0.8, call-bind@npm:^1.0.9":
  version: 1.0.9
  resolution: "call-bind@npm:1.0.9"
  dependencies:
    call-bind-apply-helpers: "npm:^1.0.2"
    es-define-property: "npm:^1.0.1"
    get-intrinsic: "npm:^1.3.0"
    set-function-length: "npm:^1.2.2"
  checksum: 10c0/a6621f6da1444481919ce3b4983dff725691e0754d3507ae483ce56e54985f2da7d6f1df512c56dbf28660745cf1ca52553f1fc9aef5557f3ce353ef14fab714
  languageName: node
  linkType: hard

"call-bound@npm:^1.0.2, call-bound@npm:^1.0.3, call-bound@npm:^1.0.4":
  version: 1.0.4
  resolution: "call-bound@npm:1.0.4"
  dependencies:
    call-bind-apply-helpers: "npm:^1.0.2"
    get-intrinsic: "npm:^1.3.0"
  checksum: 10c0/f4796a6a0941e71c766aea672f63b72bc61234c4f4964dc6d7606e3664c307e7d77845328a8f3359ce39ddb377fed67318f9ee203dea1d47e46165dcf2917644
  languageName: node
  linkType: hard

"data-view-buffer@npm:^1.0.2":
  version: 1.0.2
  resolution: "data-view-buffer@npm:1.0.2"
  dependencies:
    call-bound: "npm:^1.0.3"
    es-errors: "npm:^1.3.0"
    is-data-view: "npm:^1.0.2"
  checksum: 10c0/7986d40fc7979e9e6241f85db8d17060dd9a71bd53c894fa29d126061715e322a4cd47a00b0b8c710394854183d4120462b980b8554012acc1c0fa49df7ad38c
  languageName: node
  linkType: hard

"data-view-byte-length@npm:^1.0.2":
  version: 1.0.2
  resolution: "data-view-byte-length@npm:1.0.2"
  dependencies:
    call-bound: "npm:^1.0.3"
    es-errors: "npm:^1.3.0"
    is-data-view: "npm:^1.0.2"
  checksum: 10c0/f8a4534b5c69384d95ac18137d381f18a5cfae1f0fc1df0ef6feef51ef0d568606d970b69e02ea186c6c0f0eac77fe4e6ad96fec2569cc86c3afcc7475068c55
  languageName: node
  linkType: hard

"data-view-byte-offset@npm:^1.0.1":
  version: 1.0.1
  resolution: "data-view-byte-offset@npm:1.0.1"
  dependencies:
    call-bound: "npm:^1.0.2"
    es-errors: "npm:^1.3.0"
    is-data-view: "npm:^1.0.1"
  checksum: 10c0/fa7aa40078025b7810dcffc16df02c480573b7b53ef1205aa6a61533011005c1890e5ba17018c692ce7c900212b547262d33279fde801ad9843edc0863bf78c4
  languageName: node
  linkType: hard

"define-data-property@npm:^1.0.1, define-data-property@npm:^1.1.4":
  version: 1.1.4
  resolution: "define-data-property@npm:1.1.4"
  dependencies:
    es-define-property: "npm:^1.0.0"
    es-errors: "npm:^1.3.0"
    gopd: "npm:^1.0.1"
  checksum: 10c0/dea0606d1483eb9db8d930d4eac62ca0fa16738b0b3e07046cddfacf7d8c868bbe13fa0cb263eb91c7d0d527960dc3f2f2471a69ed7816210307f6744fe62e37
  languageName: node
  linkType: hard

"define-properties@npm:^1.2.1":
  version: 1.2.1
  resolution: "define-properties@npm:1.2.1"
  dependencies:
    define-data-property: "npm:^1.0.1"
    has-property-descriptors: "npm:^1.0.0"
    object-keys: "npm:^1.1.1"
  checksum: 10c0/88a152319ffe1396ccc6ded510a3896e77efac7a1bfbaa174a7b00414a1747377e0bb525d303794a47cf30e805c2ec84e575758512c6e44a993076d29fd4e6c3
  languageName: node
  linkType: hard

"dunder-proto@npm:^1.0.0, dunder-proto@npm:^1.0.1":
  version: 1.0.1
  resolution: "dunder-proto@npm:1.0.1"
  dependencies:
    call-bind-apply-helpers: "npm:^1.0.1"
    es-errors: "npm:^1.3.0"
    gopd: "npm:^1.2.0"
  checksum: 10c0/199f2a0c1c16593ca0a145dbf76a962f8033ce3129f01284d48c45ed4e14fea9bbacd7b3610b6cdc33486cef20385ac054948fefc6272fcce645c09468f93031
  languageName: node
  linkType: hard

"es-abstract-get@npm:^1.0.0":
  version: 1.0.0
  resolution: "es-abstract-get@npm:1.0.0"
  dependencies:
    es-errors: "npm:^1.3.0"
    es-object-atoms: "npm:^1.1.2"
    is-callable: "npm:^1.2.7"
    object-inspect: "npm:^1.13.4"
  checksum: 10c0/f9b4838ae719752207383a6d95a74590f891122bf26b92f5e72eeedbe53771029e4561f1cf75ea19330b71bcf3d4f536fb0c8f7e2b601fe24d284f46e488c7e3
  languageName: node
  linkType: hard

"es-abstract@npm:^1.23.5, es-abstract@npm:^1.23.9, es-abstract@npm:^1.24.2":
  version: 1.24.2
  resolution: "es-abstract@npm:1.24.2"
  dependencies:
    array-buffer-byte-length: "npm:^1.0.2"
    arraybuffer.prototype.slice: "npm:^1.0.4"
    available-typed-arrays: "npm:^1.0.7"
    call-bind: "npm:^1.0.8"
    call-bound: "npm:^1.0.4"
    data-view-buffer: "npm:^1.0.2"
    data-view-byte-length: "npm:^1.0.2"
    data-view-byte-offset: "npm:^1.0.1"
    es-define-property: "npm:^1.0.1"
    es-errors: "npm:^1.3.0"
    es-object-atoms: "npm:^1.1.1"
    es-set-tostringtag: "npm:^2.1.0"
    es-to-primitive: "npm:^1.3.0"
    function.prototype.name: "npm:^1.1.8"
    get-intrinsic: "npm:^1.3.0"
    get-proto: "npm:^1.0.1"
    get-symbol-description: "npm:^1.1.0"
    globalthis: "npm:^1.0.4"
    gopd: "npm:^1.2.0"
    has-property-descriptors: "npm:^1.0.2"
    has-proto: "npm:^1.2.0"
    has-symbols: "npm:^1.1.0"
    hasown: "npm:^2.0.2"
    internal-slot: "npm:^1.1.0"
    is-array-buffer: "npm:^3.0.5"
    is-callable: "npm:^1.2.7"
    is-data-view: "npm:^1.0.2"
    is-negative-zero: "npm:^2.0.3"
    is-regex: "npm:^1.2.1"
    is-set: "npm:^2.0.3"
    is-shared-array-buffer: "npm:^1.0.4"
    is-string: "npm:^1.1.1"
    is-typed-array: "npm:^1.1.15"
    is-weakref: "npm:^1.1.1"
    math-intrinsics: "npm:^1.1.0"
    object-inspect: "npm:^1.13.4"
    object-keys: "npm:^1.1.1"
    object.assign: "npm:^4.1.7"
    own-keys: "npm:^1.0.1"
    regexp.prototype.flags: "npm:^1.5.4"
    safe-array-concat: "npm:^1.1.3"
    safe-push-apply: "npm:^1.0.0"
    safe-regex-test: "npm:^1.1.0"
    set-proto: "npm:^1.0.0"
    stop-iteration-iterator: "npm:^1.1.0"
    string.prototype.trim: "npm:^1.2.10"
    string.prototype.trimend: "npm:^1.0.9"
    string.prototype.trimstart: "npm:^1.0.8"
    typed-array-buffer: "npm:^1.0.3"
    typed-array-byte-length: "npm:^1.0.3"
    typed-array-byte-offset: "npm:^1.0.4"
    typed-array-length: "npm:^1.0.7"
    unbox-primitive: "npm:^1.1.0"
    which-typed-array: "npm:^1.1.19"
  checksum: 10c0/67a5bf21ef5c7d775e6f6131a836323900b4d87194cf544394ac68fe31c57fa53828b978af4a4f551ef307f83a2f910a16b6b982760ad3ddc3dc471f98d5fd1b
  languageName: node
  linkType: hard

"es-define-property@npm:^1.0.0, es-define-property@npm:^1.0.1":
  version: 1.0.1
  resolution: "es-define-property@npm:1.0.1"
  checksum: 10c0/3f54eb49c16c18707949ff25a1456728c883e81259f045003499efba399c08bad00deebf65cccde8c0e07908c1a225c9d472b7107e558f2a48e28d530e34527c
  languageName: node
  linkType: hard

"es-errors@npm:^1.3.0":
  version: 1.3.0
  resolution: "es-errors@npm:1.3.0"
  checksum: 10c0/0a61325670072f98d8ae3b914edab3559b6caa980f08054a3b872052640d91da01d38df55df797fcc916389d77fc92b8d5906cf028f4db46d7e3003abecbca85
  languageName: node
  linkType: hard

"es-object-atoms@npm:^1.0.0, es-object-atoms@npm:^1.1.1, es-object-atoms@npm:^1.1.2":
  version: 1.1.2
  resolution: "es-object-atoms@npm:1.1.2"
  dependencies:
    es-errors: "npm:^1.3.0"
  checksum: 10c0/1772861f094f739d6f41b579cfb9a18579daffeb434552a370a5fbef50a32d22227e27b63fdbb757b7ddd429d1b42fe52ccae7966d9302a2ec221b6f1b41bbc4
  languageName: node
  linkType: hard

"es-set-tostringtag@npm:^2.1.0":
  version: 2.1.0
  resolution: "es-set-tostringtag@npm:2.1.0"
  dependencies:
    es-errors: "npm:^1.3.0"
    get-intrinsic: "npm:^1.2.6"
    has-tostringtag: "npm:^1.0.2"
    hasown: "npm:^2.0.2"
  checksum: 10c0/ef2ca9ce49afe3931cb32e35da4dcb6d86ab02592cfc2ce3e49ced199d9d0bb5085fc7e73e06312213765f5efa47cc1df553a6a5154584b21448e9fb8355b1af
  languageName: node
  linkType: hard

"es-shim-unscopables@npm:^1.1.0":
  version: 1.1.0
  resolution: "es-shim-unscopables@npm:1.1.0"
  dependencies:
    hasown: "npm:^2.0.2"
  checksum: 10c0/1b9702c8a1823fc3ef39035a4e958802cf294dd21e917397c561d0b3e195f383b978359816b1732d02b255ccf63e1e4815da0065b95db8d7c992037be3bbbcdb
  languageName: node
  linkType: hard

"es-to-primitive@npm:^1.3.0":
  version: 1.3.4
  resolution: "es-to-primitive@npm:1.3.4"
  dependencies:
    es-abstract-get: "npm:^1.0.0"
    es-define-property: "npm:^1.0.1"
    es-errors: "npm:^1.3.0"
    is-callable: "npm:^1.2.7"
    is-date-object: "npm:^1.1.0"
    is-symbol: "npm:^1.1.1"
  checksum: 10c0/b10029f8b0b13841bade224ff39005a13d76d9cb803cd1efb18cc96a24414e83e2e7ed15d7ad9d0d0bda66884afd211b7b579b8fa31940e05b060934aa7077d8
  languageName: node
  linkType: hard

"fixture-root@workspace:.":
  version: 0.0.0-use.local
  resolution: "fixture-root@workspace:."
  dependencies:
    array-includes: "npm:^3.1.8"
    object.assign: "npm:^4.1.5"
    resolve: "npm:^1.22.10"
  languageName: unknown
  linkType: soft

"for-each@npm:^0.3.3, for-each@npm:^0.3.5":
  version: 0.3.5
  resolution: "for-each@npm:0.3.5"
  dependencies:
    is-callable: "npm:^1.2.7"
  checksum: 10c0/0e0b50f6a843a282637d43674d1fb278dda1dd85f4f99b640024cfb10b85058aac0cc781bf689d5fe50b4b7f638e91e548560723a4e76e04fe96ae35ef039cee
  languageName: node
  linkType: hard

"function-bind@npm:^1.1.2":
  version: 1.1.2
  resolution: "function-bind@npm:1.1.2"
  checksum: 10c0/d8680ee1e5fcd4c197e4ac33b2b4dce03c71f4d91717292785703db200f5c21f977c568d28061226f9b5900cbcd2c84463646134fd5337e7925e0942bc3f46d5
  languageName: node
  linkType: hard

"function.prototype.name@npm:^1.1.6, function.prototype.name@npm:^1.1.8":
  version: 1.2.0
  resolution: "function.prototype.name@npm:1.2.0"
  dependencies:
    call-bind: "npm:^1.0.9"
    call-bound: "npm:^1.0.4"
    es-define-property: "npm:^1.0.1"
    es-errors: "npm:^1.3.0"
    functions-have-names: "npm:^1.2.3"
    has-property-descriptors: "npm:^1.0.2"
    hasown: "npm:^2.0.4"
    is-callable: "npm:^1.2.7"
    is-document.all: "npm:^1.0.0"
  checksum: 10c0/b20e6370ef4f7d56d0bedf5719f6684a517a8dd3334209b4d9f51e8834859302a584187156bf024cda9f50ba2479e4d6764ac34af9532ea47d2f4d9fa6bcf90d
  languageName: node
  linkType: hard

"functions-have-names@npm:^1.2.3":
  version: 1.2.3
  resolution: "functions-have-names@npm:1.2.3"
  checksum: 10c0/33e77fd29bddc2d9bb78ab3eb854c165909201f88c75faa8272e35899e2d35a8a642a15e7420ef945e1f64a9670d6aa3ec744106b2aa42be68ca5114025954ca
  languageName: node
  linkType: hard

"generator-function@npm:^2.0.0":
  version: 2.0.1
  resolution: "generator-function@npm:2.0.1"
  checksum: 10c0/8a9f59df0f01cfefafdb3b451b80555e5cf6d76487095db91ac461a0e682e4ff7a9dbce15f4ecec191e53586d59eece01949e05a4b4492879600bbbe8e28d6b8
  languageName: node
  linkType: hard

"get-intrinsic@npm:^1.2.4, get-intrinsic@npm:^1.2.5, get-intrinsic@npm:^1.2.6, get-intrinsic@npm:^1.2.7, get-intrinsic@npm:^1.3.0":
  version: 1.3.1
  resolution: "get-intrinsic@npm:1.3.1"
  dependencies:
    async-function: "npm:^1.0.0"
    async-generator-function: "npm:^1.0.0"
    call-bind-apply-helpers: "npm:^1.0.2"
    es-define-property: "npm:^1.0.1"
    es-errors: "npm:^1.3.0"
    es-object-atoms: "npm:^1.1.1"
    function-bind: "npm:^1.1.2"
    generator-function: "npm:^2.0.0"
    get-proto: "npm:^1.0.1"
    gopd: "npm:^1.2.0"
    has-symbols: "npm:^1.1.0"
    hasown: "npm:^2.0.2"
    math-intrinsics: "npm:^1.1.0"
  checksum: 10c0/9f4ab0cf7efe0fd2c8185f52e6f637e708f3a112610c88869f8f041bb9ecc2ce44bf285dfdbdc6f4f7c277a5b88d8e94a432374d97cca22f3de7fc63795deb5d
  languageName: node
  linkType: hard

"get-proto@npm:^1.0.1":
  version: 1.0.1
  resolution: "get-proto@npm:1.0.1"
  dependencies:
    dunder-proto: "npm:^1.0.1"
    es-object-atoms: "npm:^1.0.0"
  checksum: 10c0/9224acb44603c5526955e83510b9da41baf6ae73f7398875fba50edc5e944223a89c4a72b070fcd78beb5f7bdda58ecb6294adc28f7acfc0da05f76a2399643c
  languageName: node
  linkType: hard

"get-symbol-description@npm:^1.1.0":
  version: 1.1.0
  resolution: "get-symbol-description@npm:1.1.0"
  dependencies:
    call-bound: "npm:^1.0.3"
    es-errors: "npm:^1.3.0"
    get-intrinsic: "npm:^1.2.6"
  checksum: 10c0/d6a7d6afca375779a4b307738c9e80dbf7afc0bdbe5948768d54ab9653c865523d8920e670991a925936eb524b7cb6a6361d199a760b21d0ca7620194455aa4b
  languageName: node
  linkType: hard

"globalthis@npm:^1.0.4":
  version: 1.0.4
  resolution: "globalthis@npm:1.0.4"
  dependencies:
    define-properties: "npm:^1.2.1"
    gopd: "npm:^1.0.1"
  checksum: 10c0/9d156f313af79d80b1566b93e19285f481c591ad6d0d319b4be5e03750d004dde40a39a0f26f7e635f9007a3600802f53ecd85a759b86f109e80a5f705e01846
  languageName: node
  linkType: hard

"gopd@npm:^1.0.1, gopd@npm:^1.2.0":
  version: 1.2.0
  resolution: "gopd@npm:1.2.0"
  checksum: 10c0/50fff1e04ba2b7737c097358534eacadad1e68d24cccee3272e04e007bed008e68d2614f3987788428fd192a5ae3889d08fb2331417e4fc4a9ab366b2043cead
  languageName: node
  linkType: hard

"has-bigints@npm:^1.0.2":
  version: 1.1.0
  resolution: "has-bigints@npm:1.1.0"
  checksum: 10c0/2de0cdc4a1ccf7a1e75ffede1876994525ac03cc6f5ae7392d3415dd475cd9eee5bceec63669ab61aa997ff6cceebb50ef75561c7002bed8988de2b9d1b40788
  languageName: node
  linkType: hard

"has-property-descriptors@npm:^1.0.0, has-property-descriptors@npm:^1.0.2":
  version: 1.0.2
  resolution: "has-property-descriptors@npm:1.0.2"
  dependencies:
    es-define-property: "npm:^1.0.0"
  checksum: 10c0/253c1f59e80bb476cf0dde8ff5284505d90c3bdb762983c3514d36414290475fe3fd6f574929d84de2a8eec00d35cf07cb6776205ff32efd7c50719125f00236
  languageName: node
  linkType: hard

"has-proto@npm:^1.2.0":
  version: 1.2.0
  resolution: "has-proto@npm:1.2.0"
  dependencies:
    dunder-proto: "npm:^1.0.0"
  checksum: 10c0/46538dddab297ec2f43923c3d35237df45d8c55a6fc1067031e04c13ed8a9a8f94954460632fd4da84c31a1721eefee16d901cbb1ae9602bab93bb6e08f93b95
  languageName: node
  linkType: hard

"has-symbols@npm:^1.0.3, has-symbols@npm:^1.1.0":
  version: 1.1.0
  resolution: "has-symbols@npm:1.1.0"
  checksum: 10c0/dde0a734b17ae51e84b10986e651c664379018d10b91b6b0e9b293eddb32f0f069688c841fb40f19e9611546130153e0a2a48fd7f512891fb000ddfa36f5a20e
  languageName: node
  linkType: hard

"has-tostringtag@npm:^1.0.2":
  version: 1.0.2
  resolution: "has-tostringtag@npm:1.0.2"
  dependencies:
    has-symbols: "npm:^1.0.3"
  checksum: 10c0/a8b166462192bafe3d9b6e420a1d581d93dd867adb61be223a17a8d6dad147aa77a8be32c961bb2f27b3ef893cae8d36f564ab651f5e9b7938ae86f74027c48c
  languageName: node
  linkType: hard

"has@npm:^1.0.4":
  version: 1.0.4
  resolution: "has@npm:1.0.4"
  checksum: 10c0/82c1220573dc1f0a014a5d6189ae52a1f820f99dfdc00323c3a725b5002dcb7f04e44f460fea7af068474b2dd7c88cbe1846925c84017be9e31e1708936d305b
  languageName: node
  linkType: hard

"hasown@npm:^2.0.2, hasown@npm:^2.0.4":
  version: 2.0.4
  resolution: "hasown@npm:2.0.4"
  dependencies:
    function-bind: "npm:^1.1.2"
  checksum: 10c0/2d8de939e270b70618f8cebb69746620db10617dbb495bc66ddad326955ea24d3ca4af133aff3eb7c1853e0218f867bc2b050ec26fe02e3aea58f880ffc5e506
  languageName: node
  linkType: hard

"internal-slot@npm:^1.1.0":
  version: 1.1.0
  resolution: "internal-slot@npm:1.1.0"
  dependencies:
    es-errors: "npm:^1.3.0"
    hasown: "npm:^2.0.2"
    side-channel: "npm:^1.1.0"
  checksum: 10c0/03966f5e259b009a9bf1a78d60da920df198af4318ec004f57b8aef1dd3fe377fbc8cce63a96e8c810010302654de89f9e19de1cd8ad0061d15be28a695465c7
  languageName: node
  linkType: hard

"is-array-buffer@npm:^3.0.4, is-array-buffer@npm:^3.0.5":
  version: 3.0.5
  resolution: "is-array-buffer@npm:3.0.5"
  dependencies:
    call-bind: "npm:^1.0.8"
    call-bound: "npm:^1.0.3"
    get-intrinsic: "npm:^1.2.6"
  checksum: 10c0/c5c9f25606e86dbb12e756694afbbff64bc8b348d1bc989324c037e1068695131930199d6ad381952715dad3a9569333817f0b1a72ce5af7f883ce802e49c83d
  languageName: node
  linkType: hard

"is-async-function@npm:^2.0.0":
  version: 2.1.1
  resolution: "is-async-function@npm:2.1.1"
  dependencies:
    async-function: "npm:^1.0.0"
    call-bound: "npm:^1.0.3"
    get-proto: "npm:^1.0.1"
    has-tostringtag: "npm:^1.0.2"
    safe-regex-test: "npm:^1.1.0"
  checksum: 10c0/d70c236a5e82de6fc4d44368ffd0c2fee2b088b893511ce21e679da275a5ecc6015ff59a7d7e1bdd7ca39f71a8dbdd253cf8cce5c6b3c91cdd5b42b5ce677298
  languageName: node
  linkType: hard

"is-bigint@npm:^1.1.0":
  version: 1.1.0
  resolution: "is-bigint@npm:1.1.0"
  dependencies:
    has-bigints: "npm:^1.0.2"
  checksum: 10c0/f4f4b905ceb195be90a6ea7f34323bf1c18e3793f18922e3e9a73c684c29eeeeff5175605c3a3a74cc38185fe27758f07efba3dbae812e5c5afbc0d2316b40e4
  languageName: node
  linkType: hard

"is-boolean-object@npm:^1.2.1":
  version: 1.2.2
  resolution: "is-boolean-object@npm:1.2.2"
  dependencies:
    call-bound: "npm:^1.0.3"
    has-tostringtag: "npm:^1.0.2"
  checksum: 10c0/36ff6baf6bd18b3130186990026f5a95c709345c39cd368468e6c1b6ab52201e9fd26d8e1f4c066357b4938b0f0401e1a5000e08257787c1a02f3a719457001e
  languageName: node
  linkType: hard

"is-callable@npm:^1.2.7":
  version: 1.2.7
  resolution: "is-callable@npm:1.2.7"
  checksum: 10c0/ceebaeb9d92e8adee604076971dd6000d38d6afc40bb843ea8e45c5579b57671c3f3b50d7f04869618242c6cee08d1b67806a8cb8edaaaf7c0748b3720d6066f
  languageName: node
  linkType: hard

"is-core-module@npm:^2.16.1":
  version: 2.17.0
  resolution: "is-core-module@npm:2.17.0"
  dependencies:
    hasown: "npm:^2.0.4"
  checksum: 10c0/3dc7c15ea42f846180cd2cdd57af62270e0a8d0ed31c17c85735d554089d39975e2e82e65fc7c8280a3c476ca3d0d09992d0860b4998abb769a277341feb6698
  languageName: node
  linkType: hard

"is-data-view@npm:^1.0.1, is-data-view@npm:^1.0.2":
  version: 1.0.2
  resolution: "is-data-view@npm:1.0.2"
  dependencies:
    call-bound: "npm:^1.0.2"
    get-intrinsic: "npm:^1.2.6"
    is-typed-array: "npm:^1.1.13"
  checksum: 10c0/ef3548a99d7e7f1370ce21006baca6d40c73e9f15c941f89f0049c79714c873d03b02dae1c64b3f861f55163ecc16da06506c5b8a1d4f16650b3d9351c380153
  languageName: node
  linkType: hard

"is-date-object@npm:^1.1.0":
  version: 1.1.0
  resolution: "is-date-object@npm:1.1.0"
  dependencies:
    call-bound: "npm:^1.0.2"
    has-tostringtag: "npm:^1.0.2"
  checksum: 10c0/1a4d199c8e9e9cac5128d32e6626fa7805175af9df015620ac0d5d45854ccf348ba494679d872d37301032e35a54fc7978fba1687e8721b2139aea7870cafa2f
  languageName: node
  linkType: hard

"is-document.all@npm:^1.0.0":
  version: 1.0.0
  resolution: "is-document.all@npm:1.0.0"
  dependencies:
    call-bound: "npm:^1.0.4"
  checksum: 10c0/955c20ed5bf01d49da8243b4c714947a6ff64b6d9ba0e12bdbfa654a3e7c47f72cc01c6cd2905e85512d02bc3a1290edd73857bca8842566ff9dcfb7c3f92dae
  languageName: node
  linkType: hard

"is-finalizationregistry@npm:^1.1.0":
  version: 1.1.1
  resolution: "is-finalizationregistry@npm:1.1.1"
  dependencies:
    call-bound: "npm:^1.0.3"
  checksum: 10c0/818dff679b64f19e228a8205a1e2d09989a98e98def3a817f889208cfcbf918d321b251aadf2c05918194803ebd2eb01b14fc9d0b2bea53d984f4137bfca5e97
  languageName: node
  linkType: hard

"is-generator-function@npm:^1.0.10":
  version: 1.1.2
  resolution: "is-generator-function@npm:1.1.2"
  dependencies:
    call-bound: "npm:^1.0.4"
    generator-function: "npm:^2.0.0"
    get-proto: "npm:^1.0.1"
    has-tostringtag: "npm:^1.0.2"
    safe-regex-test: "npm:^1.1.0"
  checksum: 10c0/83da102e89c3e3b71d67b51d47c9f9bc862bceb58f87201727e27f7fa19d1d90b0ab223644ecaee6fc6e3d2d622bb25c966fbdaf87c59158b01ce7c0fe2fa372
  languageName: node
  linkType: hard

"is-map@npm:^2.0.3":
  version: 2.0.3
  resolution: "is-map@npm:2.0.3"
  checksum: 10c0/2c4d431b74e00fdda7162cd8e4b763d6f6f217edf97d4f8538b94b8702b150610e2c64961340015fe8df5b1fcee33ccd2e9b62619c4a8a3a155f8de6d6d355fc
  languageName: node
  linkType: hard

"is-negative-zero@npm:^2.0.3":
  version: 2.0.3
  resolution: "is-negative-zero@npm:2.0.3"
  checksum: 10c0/bcdcf6b8b9714063ffcfa9929c575ac69bfdabb8f4574ff557dfc086df2836cf07e3906f5bbc4f2a5c12f8f3ba56af640c843cdfc74da8caed86c7c7d66fd08e
  languageName: node
  linkType: hard

"is-number-object@npm:^1.1.1":
  version: 1.1.1
  resolution: "is-number-object@npm:1.1.1"
  dependencies:
    call-bound: "npm:^1.0.3"
    has-tostringtag: "npm:^1.0.2"
  checksum: 10c0/97b451b41f25135ff021d85c436ff0100d84a039bb87ffd799cbcdbea81ef30c464ced38258cdd34f080be08fc3b076ca1f472086286d2aa43521d6ec6a79f53
  languageName: node
  linkType: hard

"is-regex@npm:^1.2.1":
  version: 1.2.1
  resolution: "is-regex@npm:1.2.1"
  dependencies:
    call-bound: "npm:^1.0.2"
    gopd: "npm:^1.2.0"
    has-tostringtag: "npm:^1.0.2"
    hasown: "npm:^2.0.2"
  checksum: 10c0/1d3715d2b7889932349241680032e85d0b492cfcb045acb75ffc2c3085e8d561184f1f7e84b6f8321935b4aea39bc9c6ba74ed595b57ce4881a51dfdbc214e04
  languageName: node
  linkType: hard

"is-set@npm:^2.0.3":
  version: 2.0.3
  resolution: "is-set@npm:2.0.3"
  checksum: 10c0/f73732e13f099b2dc879c2a12341cfc22ccaca8dd504e6edae26484bd5707a35d503fba5b4daad530a9b088ced1ae6c9d8200fd92e09b428fe14ea79ce8080b7
  languageName: node
  linkType: hard

"is-shared-array-buffer@npm:^1.0.4":
  version: 1.0.4
  resolution: "is-shared-array-buffer@npm:1.0.4"
  dependencies:
    call-bound: "npm:^1.0.3"
  checksum: 10c0/65158c2feb41ff1edd6bbd6fd8403a69861cf273ff36077982b5d4d68e1d59278c71691216a4a64632bd76d4792d4d1d2553901b6666d84ade13bba5ea7bc7db
  languageName: node
  linkType: hard

"is-string@npm:^1.1.1":
  version: 1.1.1
  resolution: "is-string@npm:1.1.1"
  dependencies:
    call-bound: "npm:^1.0.3"
    has-tostringtag: "npm:^1.0.2"
  checksum: 10c0/2f518b4e47886bb81567faba6ffd0d8a8333cf84336e2e78bf160693972e32ad00fe84b0926491cc598dee576fdc55642c92e62d0cbe96bf36f643b6f956f94d
  languageName: node
  linkType: hard

"is-symbol@npm:^1.1.1":
  version: 1.1.1
  resolution: "is-symbol@npm:1.1.1"
  dependencies:
    call-bound: "npm:^1.0.2"
    has-symbols: "npm:^1.1.0"
    safe-regex-test: "npm:^1.1.0"
  checksum: 10c0/f08f3e255c12442e833f75a9e2b84b2d4882fdfd920513cf2a4a2324f0a5b076c8fd913778e3ea5d258d5183e9d92c0cd20e04b03ab3df05316b049b2670af1e
  languageName: node
  linkType: hard

"is-typed-array@npm:^1.1.13, is-typed-array@npm:^1.1.14, is-typed-array@npm:^1.1.15":
  version: 1.1.15
  resolution: "is-typed-array@npm:1.1.15"
  dependencies:
    which-typed-array: "npm:^1.1.16"
  checksum: 10c0/415511da3669e36e002820584e264997ffe277ff136643a3126cc949197e6ca3334d0f12d084e83b1994af2e9c8141275c741cf2b7da5a2ff62dd0cac26f76c4
  languageName: node
  linkType: hard

"is-weakmap@npm:^2.0.2":
  version: 2.0.2
  resolution: "is-weakmap@npm:2.0.2"
  checksum: 10c0/443c35bb86d5e6cc5929cd9c75a4024bb0fff9586ed50b092f94e700b89c43a33b186b76dbc6d54f3d3d09ece689ab38dcdc1af6a482cbe79c0f2da0a17f1299
  languageName: node
  linkType: hard

"is-weakref@npm:^1.0.2, is-weakref@npm:^1.1.1":
  version: 1.1.1
  resolution: "is-weakref@npm:1.1.1"
  dependencies:
    call-bound: "npm:^1.0.3"
  checksum: 10c0/8e0a9c07b0c780949a100e2cab2b5560a48ecd4c61726923c1a9b77b6ab0aa0046c9e7fb2206042296817045376dee2c8ab1dabe08c7c3dfbf195b01275a085b
  languageName: node
  linkType: hard

"is-weakset@npm:^2.0.3":
  version: 2.0.4
  resolution: "is-weakset@npm:2.0.4"
  dependencies:
    call-bound: "npm:^1.0.3"
    get-intrinsic: "npm:^1.2.6"
  checksum: 10c0/6491eba08acb8dc9532da23cb226b7d0192ede0b88f16199e592e4769db0a077119c1f5d2283d1e0d16d739115f70046e887e477eb0e66cd90e1bb29f28ba647
  languageName: node
  linkType: hard

"isarray@npm:^2.0.5":
  version: 2.0.5
  resolution: "isarray@npm:2.0.5"
  checksum: 10c0/4199f14a7a13da2177c66c31080008b7124331956f47bca57dd0b6ea9f11687aa25e565a2c7a2b519bc86988d10398e3049a1f5df13c9f6b7664154690ae79fd
  languageName: node
  linkType: hard

"math-intrinsics@npm:^1.1.0":
  version: 1.1.0
  resolution: "math-intrinsics@npm:1.1.0"
  checksum: 10c0/7579ff94e899e2f76ab64491d76cf606274c874d8f2af4a442c016bd85688927fcfca157ba6bf74b08e9439dc010b248ce05b96cc7c126a354c3bae7fcb48b7f
  languageName: node
  linkType: hard

"object-inspect@npm:^1.13.3, object-inspect@npm:^1.13.4":
  version: 1.13.4
  resolution: "object-inspect@npm:1.13.4"
  checksum: 10c0/d7f8711e803b96ea3191c745d6f8056ce1f2496e530e6a19a0e92d89b0fa3c76d910c31f0aa270432db6bd3b2f85500a376a83aaba849a8d518c8845b3211692
  languageName: node
  linkType: hard

"object-keys@npm:^1.1.1":
  version: 1.1.1
  resolution: "object-keys@npm:1.1.1"
  checksum: 10c0/b11f7ccdbc6d406d1f186cdadb9d54738e347b2692a14439ca5ac70c225fa6db46db809711b78589866d47b25fc3e8dee0b4c722ac751e11180f9380e3d8601d
  languageName: node
  linkType: hard

"object.assign@npm:^4.1.5, object.assign@npm:^4.1.7":
  version: 4.1.7
  resolution: "object.assign@npm:4.1.7"
  dependencies:
    call-bind: "npm:^1.0.8"
    call-bound: "npm:^1.0.3"
    define-properties: "npm:^1.2.1"
    es-object-atoms: "npm:^1.0.0"
    has-symbols: "npm:^1.1.0"
    object-keys: "npm:^1.1.1"
  checksum: 10c0/3b2732bd860567ea2579d1567525168de925a8d852638612846bd8082b3a1602b7b89b67b09913cbb5b9bd6e95923b2ae73580baa9d99cb4e990564e8cbf5ddc
  languageName: node
  linkType: hard

"own-keys@npm:^1.0.1":
  version: 1.0.2
  resolution: "own-keys@npm:1.0.2"
  dependencies:
    call-bound: "npm:^1.0.4"
    get-intrinsic: "npm:^1.3.0"
    object-keys: "npm:^1.1.1"
    safe-push-apply: "npm:^1.0.0"
  checksum: 10c0/84b0d9959475231166c3d4b9abd1b8af8042911e2e5625761eed980d1a1e4381cf52b34d907cae21ee8766c79de943f3cd85eba636149dee5e64cceff3ccdb78
  languageName: node
  linkType: hard

"path-parse@npm:^1.0.7":
  version: 1.0.7
  resolution: "path-parse@npm:1.0.7"
  checksum: 10c0/11ce261f9d294cc7a58d6a574b7f1b935842355ec66fba3c3fd79e0f036462eaf07d0aa95bb74ff432f9afef97ce1926c720988c6a7451d8a584930ae7de86e1
  languageName: node
  linkType: hard

"possible-typed-array-names@npm:^1.0.0, possible-typed-array-names@npm:^1.1.0":
  version: 1.1.0
  resolution: "possible-typed-array-names@npm:1.1.0"
  checksum: 10c0/c810983414142071da1d644662ce4caebce890203eb2bc7bf119f37f3fe5796226e117e6cca146b521921fa6531072674174a3325066ac66fce089a53e1e5196
  languageName: node
  linkType: hard

"reflect.getprototypeof@npm:^1.0.10":
  version: 1.0.10
  resolution: "reflect.getprototypeof@npm:1.0.10"
  dependencies:
    call-bind: "npm:^1.0.8"
    define-properties: "npm:^1.2.1"
    es-abstract: "npm:^1.23.9"
    es-errors: "npm:^1.3.0"
    es-object-atoms: "npm:^1.0.0"
    get-intrinsic: "npm:^1.2.7"
    get-proto: "npm:^1.0.1"
    which-builtin-type: "npm:^1.2.1"
  checksum: 10c0/7facec28c8008876f8ab98e80b7b9cb4b1e9224353fd4756dda5f2a4ab0d30fa0a5074777c6df24e1e0af463a2697513b0a11e548d99cf52f21f7bc6ba48d3ac
  languageName: node
  linkType: hard

"regexp.prototype.flags@npm:^1.5.4":
  version: 1.5.4
  resolution: "regexp.prototype.flags@npm:1.5.4"
  dependencies:
    call-bind: "npm:^1.0.8"
    define-properties: "npm:^1.2.1"
    es-errors: "npm:^1.3.0"
    get-proto: "npm:^1.0.1"
    gopd: "npm:^1.2.0"
    set-function-name: "npm:^2.0.2"
  checksum: 10c0/83b88e6115b4af1c537f8dabf5c3744032cb875d63bc05c288b1b8c0ef37cbe55353f95d8ca817e8843806e3e150b118bc624e4279b24b4776b4198232735a77
  languageName: node
  linkType: hard

"resolve@npm:^1.22.10":
  version: 1.22.12
  resolution: "resolve@npm:1.22.12"
  dependencies:
    es-errors: "npm:^1.3.0"
    is-core-module: "npm:^2.16.1"
    path-parse: "npm:^1.0.7"
    supports-preserve-symlinks-flag: "npm:^1.0.0"
  bin:
    resolve: bin/resolve
  checksum: 10c0/b16dc9b537c02e8c3388f7d3dcff9741d3071625f9a97ac1c885f2b0ca51e78df22328fb6d6ef214dd9101fb7cfc19aa2836fe3410402a94f3f7b8639c7149bf
  languageName: node
  linkType: hard

"resolve@patch:resolve@npm%3A^1.22.10#optional!builtin<compat/resolve>":
  version: 1.22.12
  resolution: "resolve@patch:resolve@npm%3A1.22.12#optional!builtin<compat/resolve>::version=1.22.12&hash=c3c19d"
  dependencies:
    es-errors: "npm:^1.3.0"
    is-core-module: "npm:^2.16.1"
    path-parse: "npm:^1.0.7"
    supports-preserve-symlinks-flag: "npm:^1.0.0"
  bin:
    resolve: bin/resolve
  checksum: 10c0/fc6519984ae1f894d877c0060ba8b1f5ba3bc0e85a02f74e141929c118c23d74d9735619a9cc2965397387e514884245c65d72a40731dcb6cfc84c7bcdc8321e
  languageName: node
  linkType: hard

"safe-array-concat@npm:^1.1.3":
  version: 1.1.4
  resolution: "safe-array-concat@npm:1.1.4"
  dependencies:
    call-bind: "npm:^1.0.9"
    call-bound: "npm:^1.0.4"
    get-intrinsic: "npm:^1.3.0"
    has-symbols: "npm:^1.1.0"
    isarray: "npm:^2.0.5"
  checksum: 10c0/95fb4904ab1d9360a666fe5ba6d88f1c4a3a39682739e4512cff809fc6b5722a94bd95189211015bfb45859a7ffbc3340ea303ae22721c91c59e8946d310975a
  languageName: node
  linkType: hard

"safe-push-apply@npm:^1.0.0":
  version: 1.0.0
  resolution: "safe-push-apply@npm:1.0.0"
  dependencies:
    es-errors: "npm:^1.3.0"
    isarray: "npm:^2.0.5"
  checksum: 10c0/831f1c9aae7436429e7862c7e46f847dfe490afac20d0ee61bae06108dbf5c745a0de3568ada30ccdd3eeb0864ca8331b2eef703abd69bfea0745b21fd320750
  languageName: node
  linkType: hard

"safe-regex-test@npm:^1.1.0":
  version: 1.1.0
  resolution: "safe-regex-test@npm:1.1.0"
  dependencies:
    call-bound: "npm:^1.0.2"
    es-errors: "npm:^1.3.0"
    is-regex: "npm:^1.2.1"
  checksum: 10c0/f2c25281bbe5d39cddbbce7f86fca5ea9b3ce3354ea6cd7c81c31b006a5a9fff4286acc5450a3b9122c56c33eba69c56b9131ad751457b2b4a585825e6a10665
  languageName: node
  linkType: hard

"set-function-length@npm:^1.2.2":
  version: 1.2.2
  resolution: "set-function-length@npm:1.2.2"
  dependencies:
    define-data-property: "npm:^1.1.4"
    es-errors: "npm:^1.3.0"
    function-bind: "npm:^1.1.2"
    get-intrinsic: "npm:^1.2.4"
    gopd: "npm:^1.0.1"
    has-property-descriptors: "npm:^1.0.2"
  checksum: 10c0/82850e62f412a258b71e123d4ed3873fa9377c216809551192bb6769329340176f109c2eeae8c22a8d386c76739855f78e8716515c818bcaef384b51110f0f3c
  languageName: node
  linkType: hard

"set-function-name@npm:^2.0.2":
  version: 2.0.2
  resolution: "set-function-name@npm:2.0.2"
  dependencies:
    define-data-property: "npm:^1.1.4"
    es-errors: "npm:^1.3.0"
    functions-have-names: "npm:^1.2.3"
    has-property-descriptors: "npm:^1.0.2"
  checksum: 10c0/fce59f90696c450a8523e754abb305e2b8c73586452619c2bad5f7bf38c7b6b4651895c9db895679c5bef9554339cf3ef1c329b66ece3eda7255785fbe299316
  languageName: node
  linkType: hard

"set-proto@npm:^1.0.0":
  version: 1.0.0
  resolution: "set-proto@npm:1.0.0"
  dependencies:
    dunder-proto: "npm:^1.0.1"
    es-errors: "npm:^1.3.0"
    es-object-atoms: "npm:^1.0.0"
  checksum: 10c0/ca5c3ccbba479d07c30460e367e66337cec825560b11e8ba9c5ebe13a2a0d6021ae34eddf94ff3dfe17a3104dc1f191519cb6c48378b503e5c3f36393938776a
  languageName: node
  linkType: hard

"side-channel-list@npm:^1.0.1":
  version: 1.0.1
  resolution: "side-channel-list@npm:1.0.1"
  dependencies:
    es-errors: "npm:^1.3.0"
    object-inspect: "npm:^1.13.4"
  checksum: 10c0/d346c787fd2f9f1c2fdea14f00e8250118db0e7596d85a6cb9faa75f105d31a73a8f7a341c93d7df2a2429098c3d37a77bd3be9e88c37094b8c01807bc77c7a2
  languageName: node
  linkType: hard

"side-channel-map@npm:^1.0.1":
  version: 1.0.1
  resolution: "side-channel-map@npm:1.0.1"
  dependencies:
    call-bound: "npm:^1.0.2"
    es-errors: "npm:^1.3.0"
    get-intrinsic: "npm:^1.2.5"
    object-inspect: "npm:^1.13.3"
  checksum: 10c0/010584e6444dd8a20b85bc926d934424bd809e1a3af941cace229f7fdcb751aada0fb7164f60c2e22292b7fa3c0ff0bce237081fd4cdbc80de1dc68e95430672
  languageName: node
  linkType: hard

"side-channel-weakmap@npm:^1.0.2":
  version: 1.0.2
  resolution: "side-channel-weakmap@npm:1.0.2"
  dependencies:
    call-bound: "npm:^1.0.2"
    es-errors: "npm:^1.3.0"
    get-intrinsic: "npm:^1.2.5"
    object-inspect: "npm:^1.13.3"
    side-channel-map: "npm:^1.0.1"
  checksum: 10c0/71362709ac233e08807ccd980101c3e2d7efe849edc51455030327b059f6c4d292c237f94dc0685031dd11c07dd17a68afde235d6cf2102d949567f98ab58185
  languageName: node
  linkType: hard

"side-channel@npm:^1.1.0":
  version: 1.1.1
  resolution: "side-channel@npm:1.1.1"
  dependencies:
    es-errors: "npm:^1.3.0"
    object-inspect: "npm:^1.13.4"
    side-channel-list: "npm:^1.0.1"
    side-channel-map: "npm:^1.0.1"
    side-channel-weakmap: "npm:^1.0.2"
  checksum: 10c0/dc0ab81d67f61bda9247d053ce93f41c3fd8ad2bdcb9cf9d8d2f8540d488f26d87a5e99ebfc07eea49ec025867b2452b705442d974b1478f0395e69f6bfb3270
  languageName: node
  linkType: hard

"stop-iteration-iterator@npm:^1.1.0":
  version: 1.1.0
  resolution: "stop-iteration-iterator@npm:1.1.0"
  dependencies:
    es-errors: "npm:^1.3.0"
    internal-slot: "npm:^1.1.0"
  checksum: 10c0/de4e45706bb4c0354a4b1122a2b8cc45a639e86206807ce0baf390ee9218d3ef181923fa4d2b67443367c491aa255c5fbaa64bb74648e3c5b48299928af86c09
  languageName: node
  linkType: hard

"string.prototype.trim@npm:^1.2.10":
  version: 1.2.11
  resolution: "string.prototype.trim@npm:1.2.11"
  dependencies:
    call-bind: "npm:^1.0.9"
    call-bound: "npm:^1.0.4"
    define-data-property: "npm:^1.1.4"
    define-properties: "npm:^1.2.1"
    es-abstract: "npm:^1.24.2"
    es-object-atoms: "npm:^1.1.2"
    has-property-descriptors: "npm:^1.0.2"
    safe-regex-test: "npm:^1.1.0"
  checksum: 10c0/b153cf8ed06db82ff40e27829e88e5c13f45eff9799f1d5707626e25989b488b059d6f5d57011e07f77745e28451e16735f295bc59c8ae146a4fd73a442366b0
  languageName: node
  linkType: hard

"string.prototype.trimend@npm:^1.0.9":
  version: 1.0.10
  resolution: "string.prototype.trimend@npm:1.0.10"
  dependencies:
    call-bind: "npm:^1.0.9"
    call-bound: "npm:^1.0.4"
    define-properties: "npm:^1.2.1"
    es-object-atoms: "npm:^1.1.2"
  checksum: 10c0/cc09233181769047a5330becfd5740fec5f0c8137886e7b553626788b00f75df9f34db1159bc52dbb7fc389b8ebb6e1dab44c8c9e31eb600039729a542013286
  languageName: node
  linkType: hard

"string.prototype.trimstart@npm:^1.0.8":
  version: 1.0.8
  resolution: "string.prototype.trimstart@npm:1.0.8"
  dependencies:
    call-bind: "npm:^1.0.7"
    define-properties: "npm:^1.2.1"
    es-object-atoms: "npm:^1.0.0"
  checksum: 10c0/d53af1899959e53c83b64a5fd120be93e067da740e7e75acb433849aa640782fb6c7d4cd5b84c954c84413745a3764df135a8afeb22908b86a835290788d8366
  languageName: node
  linkType: hard

"supports-preserve-symlinks-flag@npm:^1.0.0":
  version: 1.0.0
  resolution: "supports-preserve-symlinks-flag@npm:1.0.0"
  checksum: 10c0/6c4032340701a9950865f7ae8ef38578d8d7053f5e10518076e6554a9381fa91bd9c6850193695c141f32b21f979c985db07265a758867bac95de05f7d8aeb39
  languageName: node
  linkType: hard

"typed-array-buffer@npm:^1.0.3":
  version: 1.0.3
  resolution: "typed-array-buffer@npm:1.0.3"
  dependencies:
    call-bound: "npm:^1.0.3"
    es-errors: "npm:^1.3.0"
    is-typed-array: "npm:^1.1.14"
  checksum: 10c0/1105071756eb248774bc71646bfe45b682efcad93b55532c6ffa4518969fb6241354e4aa62af679ae83899ec296d69ef88f1f3763657cdb3a4d29321f7b83079
  languageName: node
  linkType: hard

"typed-array-byte-length@npm:^1.0.3":
  version: 1.0.3
  resolution: "typed-array-byte-length@npm:1.0.3"
  dependencies:
    call-bind: "npm:^1.0.8"
    for-each: "npm:^0.3.3"
    gopd: "npm:^1.2.0"
    has-proto: "npm:^1.2.0"
    is-typed-array: "npm:^1.1.14"
  checksum: 10c0/6ae083c6f0354f1fce18b90b243343b9982affd8d839c57bbd2c174a5d5dc71be9eb7019ffd12628a96a4815e7afa85d718d6f1e758615151d5f35df841ffb3e
  languageName: node
  linkType: hard

"typed-array-byte-offset@npm:^1.0.4":
  version: 1.0.5
  resolution: "typed-array-byte-offset@npm:1.0.5"
  dependencies:
    available-typed-arrays: "npm:^1.0.7"
    call-bind: "npm:^1.0.9"
    for-each: "npm:^0.3.5"
    gopd: "npm:^1.2.0"
    is-typed-array: "npm:^1.1.15"
    reflect.getprototypeof: "npm:^1.0.10"
  checksum: 10c0/df467136e36849a2657d49707122b5c851a477bb24efd5bd9baa1cd84f3942cda0fa7268f01f6ab868282c6bb4693d232c6094cbd8015ccb5229d9f968da6fba
  languageName: node
  linkType: hard

"typed-array-length@npm:^1.0.7":
  version: 1.0.8
  resolution: "typed-array-length@npm:1.0.8"
  dependencies:
    call-bind: "npm:^1.0.9"
    for-each: "npm:^0.3.5"
    gopd: "npm:^1.2.0"
    is-typed-array: "npm:^1.1.15"
    possible-typed-array-names: "npm:^1.1.0"
    reflect.getprototypeof: "npm:^1.0.10"
  checksum: 10c0/5319f740fc426a3217182c2f7c87656acb0903e046de5a938e30167337d26abf1bb3ad4b32833a72521a4cc58223aec80627b38b357d0a3d5fd64881427e77ab
  languageName: node
  linkType: hard

"unbox-primitive@npm:^1.1.0":
  version: 1.1.0
  resolution: "unbox-primitive@npm:1.1.0"
  dependencies:
    call-bound: "npm:^1.0.3"
    has-bigints: "npm:^1.0.2"
    has-symbols: "npm:^1.1.0"
    which-boxed-primitive: "npm:^1.1.1"
  checksum: 10c0/7dbd35ab02b0e05fe07136c72cb9355091242455473ec15057c11430129bab38b7b3624019b8778d02a881c13de44d63cd02d122ee782fb519e1de7775b5b982
  languageName: node
  linkType: hard

"which-boxed-primitive@npm:^1.1.0, which-boxed-primitive@npm:^1.1.1":
  version: 1.1.1
  resolution: "which-boxed-primitive@npm:1.1.1"
  dependencies:
    is-bigint: "npm:^1.1.0"
    is-boolean-object: "npm:^1.2.1"
    is-number-object: "npm:^1.1.1"
    is-string: "npm:^1.1.1"
    is-symbol: "npm:^1.1.1"
  checksum: 10c0/aceea8ede3b08dede7dce168f3883323f7c62272b49801716e8332ff750e7ae59a511ae088840bc6874f16c1b7fd296c05c949b0e5b357bfe3c431b98c417abe
  languageName: node
  linkType: hard

"which-builtin-type@npm:^1.2.1":
  version: 1.2.1
  resolution: "which-builtin-type@npm:1.2.1"
  dependencies:
    call-bound: "npm:^1.0.2"
    function.prototype.name: "npm:^1.1.6"
    has-tostringtag: "npm:^1.0.2"
    is-async-function: "npm:^2.0.0"
    is-date-object: "npm:^1.1.0"
    is-finalizationregistry: "npm:^1.1.0"
    is-generator-function: "npm:^1.0.10"
    is-regex: "npm:^1.2.1"
    is-weakref: "npm:^1.0.2"
    isarray: "npm:^2.0.5"
    which-boxed-primitive: "npm:^1.1.0"
    which-collection: "npm:^1.0.2"
    which-typed-array: "npm:^1.1.16"
  checksum: 10c0/8dcf323c45e5c27887800df42fbe0431d0b66b1163849bb7d46b5a730ad6a96ee8bfe827d078303f825537844ebf20c02459de41239a0a9805e2fcb3cae0d471
  languageName: node
  linkType: hard

"which-collection@npm:^1.0.2":
  version: 1.0.2
  resolution: "which-collection@npm:1.0.2"
  dependencies:
    is-map: "npm:^2.0.3"
    is-set: "npm:^2.0.3"
    is-weakmap: "npm:^2.0.2"
    is-weakset: "npm:^2.0.3"
  checksum: 10c0/3345fde20964525a04cdf7c4a96821f85f0cc198f1b2ecb4576e08096746d129eb133571998fe121c77782ac8f21cbd67745a3d35ce100d26d4e684c142ea1f2
  languageName: node
  linkType: hard

"which-typed-array@npm:^1.1.16, which-typed-array@npm:^1.1.19":
  version: 1.1.24
  resolution: "which-typed-array@npm:1.1.24"
  dependencies:
    available-typed-arrays: "npm:^1.0.7"
    call-bind: "npm:^1.0.9"
    call-bound: "npm:^1.0.4"
    for-each: "npm:^0.3.5"
    get-proto: "npm:^1.0.1"
    gopd: "npm:^1.2.0"
    has-tostringtag: "npm:^1.0.2"
  checksum: 10c0/26e66a1828fa60b989515178c58f075dc4b53c9d79e085e8615221eee6c32e5b224ea4b0a74338540bcdbf4986f8bd08d5fb4b2a7657d61e7960efd89a85b904
  languageName: node
  linkType: hard
