{
  "lockfileVersion": 2,
  "configVersion": 1,
  "workspaces": {
    "": {
      "name": "fixture-root",
      "dependencies": {
        "array-includes": "npm:@nolyfill/array-includes@^1",
        "resolve": "^1.22.10",
      },
      "devDependencies": {
        "object.assign": "npm:@nolyfill/object.assign@^1",
      },
    },
    "packages/a": {
      "name": "a",
      "version": "1.0.0",
      "dependencies": {
        "has": "^1.0.4",
        "side-channel": "^1.1.0",
      },
    },
  },
  "overrides": {
    "array-includes": "npm:@nolyfill/array-includes@^1",
    "has": "npm:@nolyfill/has@^1",
    "is-core-module": "npm:@nolyfill/is-core-module@^1",
    "object.assign": "npm:@nolyfill/object.assign@^1",
    "side-channel": "npm:@nolyfill/side-channel@^1",
  },
  "packages": {
    "@nolyfill/shared": ["@nolyfill/shared@1.0.44", "", {}, "sha512-NI1zxDh4LYL7PYlKKCwojjuc5CEZslywrOTKBNyodjmWjRiZ4AlCMs3Gp+zDoPQPNkYCSQp/luNojHmJWWfCbw=="],

    "a": ["a@workspace:packages/a"],

    "array-includes": ["@nolyfill/array-includes@1.0.44", "", { "dependencies": { "@nolyfill/shared": "1.0.44" } }, "sha512-IVEqpEgFbLaU0hUoMwJYXNSdi6lq+FxHdxd8xTKDLxh8k6u5YNGz4Bo6bT46l7p0x8PbJmHViBtngqhvE528fA=="],

    "es-errors": ["es-errors@1.3.0", "", {}, "sha512-Zf5H2Kxt2xjTvbJvP2ZWLEICxA6j+hAmMzIlypy4xcBg1vKVnx89Wy0GbS+kf5cwCVFFzdCFh2XSCFNULS6csw=="],

    "has": ["@nolyfill/has@1.0.44", "", {}, "sha512-qcbuZimOtHH4FEVLZGzaN4LtKxZZMHW+zHdruVr3+e8FEx21QLQbEenqLwQwMrXDr4q5W1PJXPGU4K/xKAz1Qg=="],

    "is-core-module": ["@nolyfill/is-core-module@1.0.39", "", {}, "sha512-nn5ozdjYQpUCZlWGuxcJY/KpxkWQs4DcbMCmKojjyrYDEAGy4Ce19NN4v5MduafTwJlbKc99UA8YhSVqq9yPZA=="],

    "object.assign": ["@nolyfill/object.assign@1.0.44", "", { "dependencies": { "@nolyfill/shared": "1.0.44" } }, "sha512-cZoXq09YZXDgkxRMAP/TTb3kAsWm7p5OyBugWDe4fOfxf0XRI55mgDSkuyq41sV1qW1zVC5aSsKEh1hQo1KOvA=="],

    "path-parse": ["path-parse@1.0.7", "", {}, "sha512-LDJzPVEEEPR+y48z93A0Ed0yXb8pAByGWo/k5YYdYgpY2/2EsOsksJrq7lOHxryrVOn1ejG6oAp8ahvOIQD8sw=="],

    "resolve": ["resolve@1.22.12", "", { "dependencies": { "es-errors": "^1.3.0", "is-core-module": "^2.16.1", "path-parse": "^1.0.7", "supports-preserve-symlinks-flag": "^1.0.0" }, "bin": { "resolve": "bin/resolve" } }, "sha512-TyeJ1zif53BPfHootBGwPRYT1RUt6oGWsaQr8UyZW/eAm9bKoijtvruSDEmZHm92CwS9nj7/fWttqPCgzep8CA=="],

    "side-channel": ["@nolyfill/side-channel@1.0.44", "", {}, "sha512-y3SvzjuY1ygnzWA4Krwx/WaJAsTMP11DN+e21A8Fa8PW1oDtVB5NSRW7LWurAiS2oKRkuCgcjTYMkBuBkcPCRg=="],

    "supports-preserve-symlinks-flag": ["supports-preserve-symlinks-flag@1.0.0", "", {}, "sha512-ot0WnXS9fgdkgIcePe6RHNk1WA8+muPa6cSjeR3V8K27q9BB1rTE3R1p7Hv0z1ZyAc8s6Vvv8DIyWf681MAt0w=="],
  }
}
