# THIS IS AN AUTOGENERATED FILE. DO NOT EDIT THIS FILE DIRECTLY.
# yarn lockfile v1


"@nolyfill/shared@1.0.44":
  version "1.0.44"
  resolved "https://registry.yarnpkg.com/@nolyfill/shared/-/shared-1.0.44.tgz#95700a38187da3c94cf349ed1a7a2e95de6d79c3"
  integrity sha512-NI1zxDh4LYL7PYlKKCwojjuc5CEZslywrOTKBNyodjmWjRiZ4AlCMs3Gp+zDoPQPNkYCSQp/luNojHmJWWfCbw==

"array-includes@npm:@nolyfill/array-includes@^1":
  version "1.0.44"
  resolved "https://registry.yarnpkg.com/@nolyfill/array-includes/-/array-includes-1.0.44.tgz#dd559a222676f46e2f9a9daf0710bcd196085b37"
  integrity sha512-IVEqpEgFbLaU0hUoMwJYXNSdi6lq+FxHdxd8xTKDLxh8k6u5YNGz4Bo6bT46l7p0x8PbJmHViBtngqhvE528fA==
  dependencies:
    "@nolyfill/shared" "1.0.44"

es-errors@^1.3.0:
  version "1.3.0"
  resolved "https://registry.yarnpkg.com/es-errors/-/es-errors-1.3.0.tgz#05f75a25dab98e4fb1dcd5e1472c0546d5057c8f"
  integrity sha512-Zf5H2Kxt2xjTvbJvP2ZWLEICxA6j+hAmMzIlypy4xcBg1vKVnx89Wy0GbS+kf5cwCVFFzdCFh2XSCFNULS6csw==

has@^1.0.4, "has@npm:@nolyfill/has@^1":
  version "1.0.44"
  resolved "https://registry.yarnpkg.com/@nolyfill/has/-/has-1.0.44.tgz#cb34ac521e05d6f9ed2b4dd884f19d071659c2a9"
  integrity sha512-qcbuZimOtHH4FEVLZGzaN4LtKxZZMHW+zHdruVr3+e8FEx21QLQbEenqLwQwMrXDr4q5W1PJXPGU4K/xKAz1Qg==

is-core-module@^2.16.1, "is-core-module@npm:@nolyfill/is-core-module@^1":
  version "1.0.39"
  resolved "https://registry.yarnpkg.com/@nolyfill/is-core-module/-/is-core-module-1.0.39.tgz#3dc35ba0f1e66b403c00b39344f870298ebb1c8e"
  integrity sha512-nn5ozdjYQpUCZlWGuxcJY/KpxkWQs4DcbMCmKojjyrYDEAGy4Ce19NN4v5MduafTwJlbKc99UA8YhSVqq9yPZA==

"object.assign@npm:@nolyfill/object.assign@^1":
  version "1.0.44"
  resolved "https://registry.yarnpkg.com/@nolyfill/object.assign/-/object.assign-1.0.44.tgz#99ebdf255549523c4502673b4da81e8e55adf971"
  integrity sha512-cZoXq09YZXDgkxRMAP/TTb3kAsWm7p5OyBugWDe4fOfxf0XRI55mgDSkuyq41sV1qW1zVC5aSsKEh1hQo1KOvA==
  dependencies:
    "@nolyfill/shared" "1.0.44"

path-parse@^1.0.7:
  version "1.0.7"
  resolved "https://registry.yarnpkg.com/path-parse/-/path-parse-1.0.7.tgz#fbc114b60ca42b30d9daf5858e4bd68bbedb6735"
  integrity sha512-LDJzPVEEEPR+y48z93A0Ed0yXb8pAByGWo/k5YYdYgpY2/2EsOsksJrq7lOHxryrVOn1ejG6oAp8ahvOIQD8sw==

resolve@^1.22.10:
  version "1.22.12"
  resolved "https://registry.yarnpkg.com/resolve/-/resolve-1.22.12.tgz#f5b2a680897c69c238a13cd16b15671f8b73549f"
  integrity sha512-TyeJ1zif53BPfHootBGwPRYT1RUt6oGWsaQr8UyZW/eAm9bKoijtvruSDEmZHm92CwS9nj7/fWttqPCgzep8CA==
  dependencies:
    es-errors "^1.3.0"
    is-core-module "^2.16.1"
    path-parse "^1.0.7"
    supports-preserve-symlinks-flag "^1.0.0"

side-channel@^1.1.0, "side-channel@npm:@nolyfill/side-channel@^1":
  version "1.0.44"
  resolved "https://registry.yarnpkg.com/@nolyfill/side-channel/-/side-channel-1.0.44.tgz#f1f5d7ed82418aaf5c8832dc2c5c9d38edd55506"
  integrity sha512-y3SvzjuY1ygnzWA4Krwx/WaJAsTMP11DN+e21A8Fa8PW1oDtVB5NSRW7LWurAiS2oKRkuCgcjTYMkBuBkcPCRg==

supports-preserve-symlinks-flag@^1.0.0:
  version "1.0.0"
  resolved "https://registry.yarnpkg.com/supports-preserve-symlinks-flag/-/supports-preserve-symlinks-flag-1.0.0.tgz#6eda4bd344a3c94aea376d4cc31bc77311039e09"
  integrity sha512-ot0WnXS9fgdkgIcePe6RHNk1WA8+muPa6cSjeR3V8K27q9BB1rTE3R1p7Hv0z1ZyAc8s6Vvv8DIyWf681MAt0w==
